# THIS IS AN AUTOGENERATED FILE. DO NOT EDIT THIS FILE DIRECTLY.
# yarn lockfile v1


three@^0.151.3:
  version "0.151.3"
  resolved "https://registry.yarnpkg.com/three/-/three-0.151.3.tgz#0b3c7de4b070d5b66b15217f42465d67cbfa6004"
  integrity sha512-+vbuqxFy8kzLeO5MgpBHUvP/EAiecaDwDuOPPDe6SbrZr96kccF0ktLngXc7xA7bzyd3N0t2f6mw3Z9y6JCojQ==
